
Microsoft Visual Studio Solution File, Format Version 12.00
# Visual Studio 2015
Project("{FAE04EC0-301F-11D3-BF4B-00C04F79EFBC}") = "BrickBreaker", "BrickBreaker.csproj", "{FDE69F1E-E9D9-95DC-F816-26CF5C0F6F92}"
EndProject
Global
	GlobalSection(SolutionConfigurationPlatforms) = preSolution
		Debug|Any CPU = Debug|Any CPU
		Release|Any CPU = Release|Any CPU
	EndGlobalSection
	GlobalSection(ProjectConfigurationPlatforms) = postSolution
		{FDE69F1E-E9D9-95DC-F816-26CF5C0F6F92}.Debug|Any CPU.ActiveCfg = Debug|Any CPU
		{FDE69F1E-E9D9-95DC-F816-26CF5C0F6F92}.Debug|Any CPU.Build.0 = Debug|Any CPU
		{FDE69F1E-E9D9-95DC-F816-26CF5C0F6F92}.Release|Any CPU.ActiveCfg = Release|Any CPU
		{FDE69F1E-E9D9-95DC-F816-26CF5C0F6F92}.Release|Any CPU.Build.0 = Release|Any CPU
	EndGlobalSection
	GlobalSection(SolutionProperties) = preSolution
		HideSolutionNode = FALSE
	EndGlobalSection
EndGlobal
